// !$*UTF8*$!
{
	archiveVersion = 1;
	classes = {
	};
	objectVersion = 50;
	objects = {

/* Begin PBXBuildFile section */
		8CA7EB4C0F427CF7FCF474AF /* libPods-ColoriOS.a in Frameworks */ = {isa = PBXBuildFile; fileRef = 71BAAF533F98311DE6ADE5D8 /* libPods-ColoriOS.a */; };
		C0392A112550FF0800C80814 /* HueView.swift in Sources */ = {isa = PBXBuildFile; fileRef = C0392A102550FF0800C80814 /* HueView.swift */; };
		C0392A2C2551F3DB00C80814 /* ColorOutputCell.swift in Sources */ = {isa = PBXBuildFile; fileRef = C0392A2B2551F3DB00C80814 /* ColorOutputCell.swift */; };
		C03949ED254B130F00271E20 /* Constants.swift in Sources */ = {isa = PBXBuildFile; fileRef = C03949EC254B130F00271E20 /* Constants.swift */; };
		C04BE5292550ABE000BDD94B /* ColorPalettesViewControllerTableViewController.swift in Sources */ = {isa = PBXBuildFile; fileRef = C04BE5282550ABE000BDD94B /* ColorPalettesViewControllerTableViewController.swift */; };
		C052C32C2464768A00CCEB45 /* ColorWheelViewController.swift in Sources */ = {isa = PBXBuildFile; fileRef = C052C32B2464768A00CCEB45 /* ColorWheelViewController.swift */; };
		C05D179A2549BF5B00F92079 /* ColorWheelView.swift in Sources */ = {isa = PBXBuildFile; fileRef = C05D17992549BF5B00F92079 /* ColorWheelView.swift */; };
		C05D179C2549F84900F92079 /* Extensions.swift in Sources */ = {isa = PBXBuildFile; fileRef = C05D179B2549F84900F92079 /* Extensions.swift */; };
		C05D179E2549F8D000F92079 /* ColorSelectorView.swift in Sources */ = {isa = PBXBuildFile; fileRef = C05D179D2549F8D000F92079 /* ColorSelectorView.swift */; };
		C0A19912246323FC00166095 /* AppDelegate.swift in Sources */ = {isa = PBXBuildFile; fileRef = C0A19911246323FC00166095 /* AppDelegate.swift */; };
		C0A19914246323FC00166095 /* SceneDelegate.swift in Sources */ = {isa = PBXBuildFile; fileRef = C0A19913246323FC00166095 /* SceneDelegate.swift */; };
		C0A19916246323FC00166095 /* ImageChoiceViewController.swift in Sources */ = {isa = PBXBuildFile; fileRef = C0A19915246323FC00166095 /* ImageChoiceViewController.swift */; };
		C0A19919246323FC00166095 /* Main.storyboard in Resources */ = {isa = PBXBuildFile; fileRef = C0A19917246323FC00166095 /* Main.storyboard */; };
		C0A1991C246323FC00166095 /* ColoriOS.xcdatamodeld in Sources */ = {isa = PBXBuildFile; fileRef = C0A1991A246323FC00166095 /* ColoriOS.xcdatamodeld */; };
		C0A1991E246323FD00166095 /* Assets.xcassets in Resources */ = {isa = PBXBuildFile; fileRef = C0A1991D246323FD00166095 /* Assets.xcassets */; };
		C0A19921246323FD00166095 /* LaunchScreen.storyboard in Resources */ = {isa = PBXBuildFile; fileRef = C0A1991F246323FD00166095 /* LaunchScreen.storyboard */; };
		C0A1992C246323FD00166095 /* ColoriOSTests.swift in Sources */ = {isa = PBXBuildFile; fileRef = C0A1992B246323FD00166095 /* ColoriOSTests.swift */; };
		C0A19937246323FD00166095 /* ColoriOSUITests.swift in Sources */ = {isa = PBXBuildFile; fileRef = C0A19936246323FD00166095 /* ColoriOSUITests.swift */; };
		C0BD6207254E02BC00A156F1 /* ColorOutputView.swift in Sources */ = {isa = PBXBuildFile; fileRef = C0BD6206254E02BC00A156F1 /* ColorOutputView.swift */; };
/* End PBXBuildFile section */

/* Begin PBXContainerItemProxy section */
		C0A19928246323FD00166095 /* PBXContainerItemProxy */ = {
			isa = PBXContainerItemProxy;
			containerPortal = C0A19906246323FB00166095 /* Project object */;
			proxyType = 1;
			remoteGlobalIDString = C0A1990D246323FC00166095;
			remoteInfo = ColoriOS;
		};
		C0A19933246323FD00166095 /* PBXContainerItemProxy */ = {
			isa = PBXContainerItemProxy;
			containerPortal = C0A19906246323FB00166095 /* Project object */;
			proxyType = 1;
			remoteGlobalIDString = C0A1990D246323FC00166095;
			remoteInfo = ColoriOS;
		};
/* End PBXContainerItemProxy section */

/* Begin PBXFileReference section */
		71BAAF533F98311DE6ADE5D8 /* libPods-ColoriOS.a */ = {isa = PBXFileReference; explicitFileType = archive.ar; includeInIndex = 0; path = "libPods-ColoriOS.a"; sourceTree = BUILT_PRODUCTS_DIR; };
		831AF86681E825086F45F2F0 /* Pods-ColoriOS.debug.xcconfig */ = {isa = PBXFileReference; includeInIndex = 1; lastKnownFileType = text.xcconfig; name = "Pods-ColoriOS.debug.xcconfig"; path = "Target Support Files/Pods-ColoriOS/Pods-ColoriOS.debug.xcconfig"; sourceTree = "<group>"; };
		B08CC3391F460A9A81607256 /* Pods-ColoriOS.release.xcconfig */ = {isa = PBXFileReference; includeInIndex = 1; lastKnownFileType = text.xcconfig; name = "Pods-ColoriOS.release.xcconfig"; path = "Target Support Files/Pods-ColoriOS/Pods-ColoriOS.release.xcconfig"; sourceTree = "<group>"; };
		C0392A102550FF0800C80814 /* HueView.swift */ = {isa = PBXFileReference; lastKnownFileType = sourcecode.swift; path = HueView.swift; sourceTree = "<group>"; };
		C0392A2B2551F3DB00C80814 /* ColorOutputCell.swift */ = {isa = PBXFileReference; fileEncoding = 4; lastKnownFileType = sourcecode.swift; path = ColorOutputCell.swift; sourceTree = "<group>"; };
		C03949EC254B130F00271E20 /* Constants.swift */ = {isa = PBXFileReference; lastKnownFileType = sourcecode.swift; path = Constants.swift; sourceTree = "<group>"; };
		C04BE5282550ABE000BDD94B /* ColorPalettesViewControllerTableViewController.swift */ = {isa = PBXFileReference; lastKnownFileType = sourcecode.swift; path = ColorPalettesViewControllerTableViewController.swift; sourceTree = "<group>"; };
		C052C32B2464768A00CCEB45 /* ColorWheelViewController.swift */ = {isa = PBXFileReference; lastKnownFileType = sourcecode.swift; path = ColorWheelViewController.swift; sourceTree = "<group>"; };
		C05D17992549BF5B00F92079 /* ColorWheelView.swift */ = {isa = PBXFileReference; lastKnownFileType = sourcecode.swift; path = ColorWheelView.swift; sourceTree = "<group>"; };
		C05D179B2549F84900F92079 /* Extensions.swift */ = {isa = PBXFileReference; lastKnownFileType = sourcecode.swift; path = Extensions.swift; sourceTree = "<group>"; };
		C05D179D2549F8D000F92079 /* ColorSelectorView.swift */ = {isa = PBXFileReference; lastKnownFileType = sourcecode.swift; path = ColorSelectorView.swift; sourceTree = "<group>"; };
		C0A1990E246323FC00166095 /* ColoriOS.app */ = {isa = PBXFileReference; explicitFileType = wrapper.application; includeInIndex = 0; path = ColoriOS.app; sourceTree = BUILT_PRODUCTS_DIR; };
		C0A19911246323FC00166095 /* AppDelegate.swift */ = {isa = PBXFileReference; lastKnownFileType = sourcecode.swift; path = AppDelegate.swift; sourceTree = "<group>"; };
		C0A19913246323FC00166095 /* SceneDelegate.swift */ = {isa = PBXFileReference; lastKnownFileType = sourcecode.swift; path = SceneDelegate.swift; sourceTree = "<group>"; };
		C0A19915246323FC00166095 /* ImageChoiceViewController.swift */ = {isa = PBXFileReference; lastKnownFileType = sourcecode.swift; path = ImageChoiceViewController.swift; sourceTree = "<group>"; };
		C0A19918246323FC00166095 /* Base */ = {isa = PBXFileReference; lastKnownFileType = file.storyboard; name = Base; path = Base.lproj/Main.storyboard; sourceTree = "<group>"; };
		C0A1991B246323FC00166095 /* ColoriOS.xcdatamodel */ = {isa = PBXFileReference; lastKnownFileType = wrapper.xcdatamodel; path = ColoriOS.xcdatamodel; sourceTree = "<group>"; };
		C0A1991D246323FD00166095 /* Assets.xcassets */ = {isa = PBXFileReference; lastKnownFileType = folder.assetcatalog; path = Assets.xcassets; sourceTree = "<group>"; };
		C0A19920246323FD00166095 /* Base */ = {isa = PBXFileReference; lastKnownFileType = file.storyboard; name = Base; path = Base.lproj/LaunchScreen.storyboard; sourceTree = "<group>"; };
		C0A19922246323FD00166095 /* Info.plist */ = {isa = PBXFileReference; lastKnownFileType = text.plist.xml; path = Info.plist; sourceTree = "<group>"; };
		C0A19927246323FD00166095 /* ColoriOSTests.xctest */ = {isa = PBXFileReference; explicitFileType = wrapper.cfbundle; includeInIndex = 0; path = ColoriOSTests.xctest; sourceTree = BUILT_PRODUCTS_DIR; };
		C0A1992B246323FD00166095 /* ColoriOSTests.swift */ = {isa = PBXFileReference; lastKnownFileType = sourcecode.swift; path = ColoriOSTests.swift; sourceTree = "<group>"; };
		C0A1992D246323FD00166095 /* Info.plist */ = {isa = PBXFileReference; lastKnownFileType = text.plist.xml; path = Info.plist; sourceTree = "<group>"; };
		C0A19932246323FD00166095 /* ColoriOSUITests.xctest */ = {isa = PBXFileReference; explicitFileType = wrapper.cfbundle; includeInIndex = 0; path = ColoriOSUITests.xctest; sourceTree = BUILT_PRODUCTS_DIR; };
		C0A19936246323FD00166095 /* ColoriOSUITests.swift */ = {isa = PBXFileReference; lastKnownFileType = sourcecode.swift; path = ColoriOSUITests.swift; sourceTree = "<group>"; };
		C0A19938246323FD00166095 /* Info.plist */ = {isa = PBXFileReference; lastKnownFileType = text.plist.xml; path = Info.plist; sourceTree = "<group>"; };
		C0BD6206254E02BC00A156F1 /* ColorOutputView.swift */ = {isa = PBXFileReference; lastKnownFileType = sourcecode.swift; path = ColorOutputView.swift; sourceTree = "<group>"; };
/* End PBXFileReference section */

/* Begin PBXFrameworksBuildPhase section */
		C0A1990B246323FC00166095 /* Frameworks */ = {
			isa = PBXFrameworksBuildPhase;
			buildActionMask = 2147483647;
			files = (
				8CA7EB4C0F427CF7FCF474AF /* libPods-ColoriOS.a in Frameworks */,
			);
			runOnlyForDeploymentPostprocessing = 0;
		};
		C0A19924246323FD00166095 /* Frameworks */ = {
			isa = PBXFrameworksBuildPhase;
			buildActionMask = 2147483647;
			files = (
			);
			runOnlyForDeploymentPostprocessing = 0;
		};
		C0A1992F246323FD00166095 /* Frameworks */ = {
			isa = PBXFrameworksBuildPhase;
			buildActionMask = 2147483647;
			files = (
			);
			runOnlyForDeploymentPostprocessing = 0;
		};
/* End PBXFrameworksBuildPhase section */

/* Begin PBXGroup section */
		0572CA5C6C99490474C87B98 /* Frameworks */ = {
			isa = PBXGroup;
			children = (
				71BAAF533F98311DE6ADE5D8 /* libPods-ColoriOS.a */,
			);
			name = Frameworks;
			sourceTree = "<group>";
		};
		0EEE03A8E17DDB9BA0D3E625 /* Pods */ = {
			isa = PBXGroup;
			children = (
				831AF86681E825086F45F2F0 /* Pods-ColoriOS.debug.xcconfig */,
				B08CC3391F460A9A81607256 /* Pods-ColoriOS.release.xcconfig */,
			);
			path = Pods;
			sourceTree = "<group>";
		};
		C03949EA254B12CE00271E20 /* Models */ = {
			isa = PBXGroup;
			children = (
				C03949EC254B130F00271E20 /* Constants.swift */,
				C05D179B2549F84900F92079 /* Extensions.swift */,
			);
			path = Models;
			sourceTree = "<group>";
		};
		C03949EB254B12DC00271E20 /* Views */ = {
			isa = PBXGroup;
			children = (
				C05D17992549BF5B00F92079 /* ColorWheelView.swift */,
				C0392A2B2551F3DB00C80814 /* ColorOutputCell.swift */,
				C05D179D2549F8D000F92079 /* ColorSelectorView.swift */,
				C0BD6206254E02BC00A156F1 /* ColorOutputView.swift */,
				C0392A102550FF0800C80814 /* HueView.swift */,
			);
			path = Views;
			sourceTree = "<group>";
		};
		C03949F4254B138E00271E20 /* ViewControllers */ = {
			isa = PBXGroup;
			children = (
				C052C32B2464768A00CCEB45 /* ColorWheelViewController.swift */,
				C0A19915246323FC00166095 /* ImageChoiceViewController.swift */,
				C04BE5282550ABE000BDD94B /* ColorPalettesViewControllerTableViewController.swift */,
			);
			path = ViewControllers;
			sourceTree = "<group>";
		};
		C0A19905246323FB00166095 = {
			isa = PBXGroup;
			children = (
				C0A19910246323FC00166095 /* ColoriOS */,
				C0A1992A246323FD00166095 /* ColoriOSTests */,
				C0A19935246323FD00166095 /* ColoriOSUITests */,
				C0A1990F246323FC00166095 /* Products */,
				0EEE03A8E17DDB9BA0D3E625 /* Pods */,
				0572CA5C6C99490474C87B98 /* Frameworks */,
			);
			sourceTree = "<group>";
		};
		C0A1990F246323FC00166095 /* Products */ = {
			isa = PBXGroup;
			children = (
				C0A1990E246323FC00166095 /* ColoriOS.app */,
				C0A19927246323FD00166095 /* ColoriOSTests.xctest */,
				C0A19932246323FD00166095 /* ColoriOSUITests.xctest */,
			);
			name = Products;
			sourceTree = "<group>";
		};
		C0A19910246323FC00166095 /* ColoriOS */ = {
			isa = PBXGroup;
			children = (
				C03949F4254B138E00271E20 /* ViewControllers */,
				C03949EB254B12DC00271E20 /* Views */,
				C03949EA254B12CE00271E20 /* Models */,
				C0A19911246323FC00166095 /* AppDelegate.swift */,
				C0A19913246323FC00166095 /* SceneDelegate.swift */,
				C0A19917246323FC00166095 /* Main.storyboard */,
				C0A1991D246323FD00166095 /* Assets.xcassets */,
				C0A1991F246323FD00166095 /* LaunchScreen.storyboard */,
				C0A19922246323FD00166095 /* Info.plist */,
				C0A1991A246323FC00166095 /* ColoriOS.xcdatamodeld */,
			);
			path = ColoriOS;
			sourceTree = "<group>";
		};
		C0A1992A246323FD00166095 /* ColoriOSTests */ = {
			isa = PBXGroup;
			children = (
				C0A1992B246323FD00166095 /* ColoriOSTests.swift */,
				C0A1992D246323FD00166095 /* Info.plist */,
			);
			path = ColoriOSTests;
			sourceTree = "<group>";
		};
		C0A19935246323FD00166095 /* ColoriOSUITests */ = {
			isa = PBXGroup;
			children = (
				C0A19936246323FD00166095 /* ColoriOSUITests.swift */,
				C0A19938246323FD00166095 /* Info.plist */,
			);
			path = ColoriOSUITests;
			sourceTree = "<group>";
		};
/* End PBXGroup section */

/* Begin PBXNativeTarget section */
		C0A1990D246323FC00166095 /* ColoriOS */ = {
			isa = PBXNativeTarget;
			buildConfigurationList = C0A1993B246323FD00166095 /* Build configuration list for PBXNativeTarget "ColoriOS" */;
			buildPhases = (
				8D80190C346EADA7CBDF9C27 /* [CP] Check Pods Manifest.lock */,
				C0A1990A246323FC00166095 /* Sources */,
				C0A1990B246323FC00166095 /* Frameworks */,
				C0A1990C246323FC00166095 /* Resources */,
			);
			buildRules = (
			);
			dependencies = (
			);
			name = ColoriOS;
			productName = ColoriOS;
			productReference = C0A1990E246323FC00166095 /* ColoriOS.app */;
			productType = "com.apple.product-type.application";
		};
		C0A19926246323FD00166095 /* ColoriOSTests */ = {
			isa = PBXNativeTarget;
			buildConfigurationList = C0A1993E246323FD00166095 /* Build configuration list for PBXNativeTarget "ColoriOSTests" */;
			buildPhases = (
				C0A19923246323FD00166095 /* Sources */,
				C0A19924246323FD00166095 /* Frameworks */,
				C0A19925246323FD00166095 /* Resources */,
			);
			buildRules = (
			);
			dependencies = (
				C0A19929246323FD00166095 /* PBXTargetDependency */,
			);
			name = ColoriOSTests;
			productName = ColoriOSTests;
			productReference = C0A19927246323FD00166095 /* ColoriOSTests.xctest */;
			productType = "com.apple.product-type.bundle.unit-test";
		};
		C0A19931246323FD00166095 /* ColoriOSUITests */ = {
			isa = PBXNativeTarget;
			buildConfigurationList = C0A19941246323FD00166095 /* Build configuration list for PBXNativeTarget "ColoriOSUITests" */;
			buildPhases = (
				C0A1992E246323FD00166095 /* Sources */,
				C0A1992F246323FD00166095 /* Frameworks */,
				C0A19930246323FD00166095 /* Resources */,
			);
			buildRules = (
			);
			dependencies = (
				C0A19934246323FD00166095 /* PBXTargetDependency */,
			);
			name = ColoriOSUITests;
			productName = ColoriOSUITests;
			productReference = C0A19932246323FD00166095 /* ColoriOSUITests.xctest */;
			productType = "com.apple.product-type.bundle.ui-testing";
		};
/* End PBXNativeTarget section */

/* Begin PBXProject section */
		C0A19906246323FB00166095 /* Project object */ = {
			isa = PBXProject;
			attributes = {
				LastSwiftUpdateCheck = 1140;
				LastUpgradeCheck = 1210;
				ORGANIZATIONNAME = "Michaiah Coleman";
				TargetAttributes = {
					C0A1990D246323FC00166095 = {
						CreatedOnToolsVersion = 11.4;
					};
					C0A19926246323FD00166095 = {
						CreatedOnToolsVersion = 11.4;
						TestTargetID = C0A1990D246323FC00166095;
					};
					C0A19931246323FD00166095 = {
						CreatedOnToolsVersion = 11.4;
						TestTargetID = C0A1990D246323FC00166095;
					};
				};
			};
			buildConfigurationList = C0A19909246323FB00166095 /* Build configuration list for PBXProject "ColoriOS" */;
			compatibilityVersion = "Xcode 9.3";
			developmentRegion = en;
			hasScannedForEncodings = 0;
			knownRegions = (
				en,
				Base,
			);
			mainGroup = C0A19905246323FB00166095;
			productRefGroup = C0A1990F246323FC00166095 /* Products */;
			projectDirPath = "";
			projectRoot = "";
			targets = (
				C0A1990D246323FC00166095 /* ColoriOS */,
				C0A19926246323FD00166095 /* ColoriOSTests */,
				C0A19931246323FD00166095 /* ColoriOSUITests */,
			);
		};
/* End PBXProject section */

/* Begin PBXResourcesBuildPhase section */
		C0A1990C246323FC00166095 /* Resources */ = {
			isa = PBXResourcesBuildPhase;
			buildActionMask = 2147483647;
			files = (
				C0A19921246323FD00166095 /* LaunchScreen.storyboard in Resources */,
				C0A1991E246323FD00166095 /* Assets.xcassets in Resources */,
				C0A19919246323FC00166095 /* Main.storyboard in Resources */,
			);
			runOnlyForDeploymentPostprocessing = 0;
		};
		C0A19925246323FD00166095 /* Resources */ = {
			isa = PBXResourcesBuildPhase;
			buildActionMask = 2147483647;
			files = (
			);
			runOnlyForDeploymentPostprocessing = 0;
		};
		C0A19930246323FD00166095 /* Resources */ = {
			isa = PBXResourcesBuildPhase;
			buildActionMask = 2147483647;
			files = (
			);
			runOnlyForDeploymentPostprocessing = 0;
		};
/* End PBXResourcesBuildPhase section */

/* Begin PBXShellScriptBuildPhase section */
		8D80190C346EADA7CBDF9C27 /* [CP] Check Pods Manifest.lock */ = {
			isa = PBXShellScriptBuildPhase;
			buildActionMask = 2147483647;
			files = (
			);
			inputFileListPaths = (
			);
			inputPaths = (
				"${PODS_PODFILE_DIR_PATH}/Podfile.lock",
				"${PODS_ROOT}/Manifest.lock",
			);
			name = "[CP] Check Pods Manifest.lock";
			outputFileListPaths = (
			);
			outputPaths = (
				"$(DERIVED_FILE_DIR)/Pods-ColoriOS-checkManifestLockResult.txt",
			);
			runOnlyForDeploymentPostprocessing = 0;
			shellPath = /bin/sh;
			shellScript = "diff \"${PODS_PODFILE_DIR_PATH}/Podfile.lock\" \"${PODS_ROOT}/Manifest.lock\" > /dev/null\nif [ $? != 0 ] ; then\n    # print error to STDERR\n    echo \"error: The sandbox is not in sync with the Podfile.lock. Run 'pod install' or update your CocoaPods installation.\" >&2\n    exit 1\nfi\n# This output is used by Xcode 'outputs' to avoid re-running this script phase.\necho \"SUCCESS\" > \"${SCRIPT_OUTPUT_FILE_0}\"\n";
			showEnvVarsInLog = 0;
		};
/* End PBXShellScriptBuildPhase section */

/* Begin PBXSourcesBuildPhase section */
		C0A1990A246323FC00166095 /* Sources */ = {
			isa = PBXSourcesBuildPhase;
			buildActionMask = 2147483647;
			files = (
				C05D179E2549F8D000F92079 /* ColorSelectorView.swift in Sources */,
				C0A19916246323FC00166095 /* ImageChoiceViewController.swift in Sources */,
				C0A19912246323FC00166095 /* AppDelegate.swift in Sources */,
				C0A19914246323FC00166095 /* SceneDelegate.swift in Sources */,
				C0392A2C2551F3DB00C80814 /* ColorOutputCell.swift in Sources */,
				C05D179C2549F84900F92079 /* Extensions.swift in Sources */,
				C0392A112550FF0800C80814 /* HueView.swift in Sources */,
				C03949ED254B130F00271E20 /* Constants.swift in Sources */,
				C05D179A2549BF5B00F92079 /* ColorWheelView.swift in Sources */,
				C0BD6207254E02BC00A156F1 /* ColorOutputView.swift in Sources */,
				C052C32C2464768A00CCEB45 /* ColorWheelViewController.swift in Sources */,
				C04BE5292550ABE000BDD94B /* ColorPalettesViewControllerTableViewController.swift in Sources */,
				C0A1991C246323FC00166095 /* ColoriOS.xcdatamodeld in Sources */,
			);
			runOnlyForDeploymentPostprocessing = 0;
		};
		C0A19923246323FD00166095 /* Sources */ = {
			isa = PBXSourcesBuildPhase;
			buildActionMask = 2147483647;
			files = (
				C0A1992C246323FD00166095 /* ColoriOSTests.swift in Sources */,
			);
			runOnlyForDeploymentPostprocessing = 0;
		};
		C0A1992E246323FD00166095 /* Sources */ = {
			isa = PBXSourcesBuildPhase;
			buildActionMask = 2147483647;
			files = (
				C0A19937246323FD00166095 /* ColoriOSUITests.swift in Sources */,
			);
			runOnlyForDeploymentPostprocessing = 0;
		};
/* End PBXSourcesBuildPhase section */

/* Begin PBXTargetDependency section */
		C0A19929246323FD00166095 /* PBXTargetDependency */ = {
			isa = PBXTargetDependency;
			target = C0A1990D246323FC00166095 /* ColoriOS */;
			targetProxy = C0A19928246323FD00166095 /* PBXContainerItemProxy */;
		};
		C0A19934246323FD00166095 /* PBXTargetDependency */ = {
			isa = PBXTargetDependency;
			target = C0A1990D246323FC00166095 /* ColoriOS */;
			targetProxy = C0A19933246323FD00166095 /* PBXContainerItemProxy */;
		};
/* End PBXTargetDependency section */

/* Begin PBXVariantGroup section */
		C0A19917246323FC00166095 /* Main.storyboard */ = {
			isa = PBXVariantGroup;
			children = (
				C0A19918246323FC00166095 /* Base */,
			);
			name = Main.storyboard;
			sourceTree = "<group>";
		};
		C0A1991F246323FD00166095 /* LaunchScreen.storyboard */ = {
			isa = PBXVariantGroup;
			children = (
				C0A19920246323FD00166095 /* Base */,
			);
			name = LaunchScreen.storyboard;
			sourceTree = "<group>";
		};
/* End PBXVariantGroup section */

/* Begin XCBuildConfiguration section */
		C0A19939246323FD00166095 /* Debug */ = {
			isa = XCBuildConfiguration;
			buildSettings = {
				ALWAYS_SEARCH_USER_PATHS = NO;
				CLANG_ANALYZER_NONNULL = YES;
				CLANG_ANALYZER_NUMBER_OBJECT_CONVERSION = YES_AGGRESSIVE;
				CLANG_CXX_LANGUAGE_STANDARD = "gnu++14";
				CLANG_CXX_LIBRARY = "libc++";
				CLANG_ENABLE_MODULES = YES;
				CLANG_ENABLE_OBJC_ARC = YES;
				CLANG_ENABLE_OBJC_WEAK = YES;
				CLANG_WARN_BLOCK_CAPTURE_AUTORELEASING = YES;
				CLANG_WARN_BOOL_CONVERSION = YES;
				CLANG_WARN_COMMA = YES;
				CLANG_WARN_CONSTANT_CONVERSION = YES;
				CLANG_WARN_DEPRECATED_OBJC_IMPLEMENTATIONS = YES;
				CLANG_WARN_DIRECT_OBJC_ISA_USAGE = YES_ERROR;
				CLANG_WARN_DOCUMENTATION_COMMENTS = YES;
				CLANG_WARN_EMPTY_BODY = YES;
				CLANG_WARN_ENUM_CONVERSION = YES;
				CLANG_WARN_INFINITE_RECURSION = YES;
				CLANG_WARN_INT_CONVERSION = YES;
				CLANG_WARN_NON_LITERAL_NULL_CONVERSION = YES;
				CLANG_WARN_OBJC_IMPLICIT_RETAIN_SELF = YES;
				CLANG_WARN_OBJC_LITERAL_CONVERSION = YES;
				CLANG_WARN_OBJC_ROOT_CLASS = YES_ERROR;
				CLANG_WARN_QUOTED_INCLUDE_IN_FRAMEWORK_HEADER = YES;
				CLANG_WARN_RANGE_LOOP_ANALYSIS = YES;
				CLANG_WARN_STRICT_PROTOTYPES = YES;
				CLANG_WARN_SUSPICIOUS_MOVE = YES;
				CLANG_WARN_UNGUARDED_AVAILABILITY = YES_AGGRESSIVE;
				CLANG_WARN_UNREACHABLE_CODE = YES;
				CLANG_WARN__DUPLICATE_METHOD_MATCH = YES;
				COPY_PHASE_STRIP = NO;
				DEBUG_INFORMATION_FORMAT = dwarf;
				ENABLE_STRICT_OBJC_MSGSEND = YES;
				ENABLE_TESTABILITY = YES;
				GCC_C_LANGUAGE_STANDARD = gnu11;
				GCC_DYNAMIC_NO_PIC = NO;
				GCC_NO_COMMON_BLOCKS = YES;
				GCC_OPTIMIZATION_LEVEL = 0;
				GCC_PREPROCESSOR_DEFINITIONS = (
					"DEBUG=1",
					"$(inherited)",
				);
				GCC_WARN_64_TO_32_BIT_CONVERSION = YES;
				GCC_WARN_ABOUT_RETURN_TYPE = YES_ERROR;
				GCC_WARN_UNDECLARED_SELECTOR = YES;
				GCC_WARN_UNINITIALIZED_AUTOS = YES_AGGRESSIVE;
				GCC_WARN_UNUSED_FUNCTION = YES;
				GCC_WARN_UNUSED_VARIABLE = YES;
				IPHONEOS_DEPLOYMENT_TARGET = 13.4;
				MTL_ENABLE_DEBUG_INFO = INCLUDE_SOURCE;
				MTL_FAST_MATH = YES;
				ONLY_ACTIVE_ARCH = YES;
				SDKROOT = iphoneos;
				SWIFT_ACTIVE_COMPILATION_CONDITIONS = DEBUG;
				SWIFT_OPTIMIZATION_LEVEL = "-Onone";
			};
			name = Debug;
		};
		C0A1993A246323FD00166095 /* Release */ = {
			isa = XCBuildConfiguration;
			buildSettings = {
				ALWAYS_SEARCH_USER_PATHS = NO;
				CLANG_ANALYZER_NONNULL = YES;
				CLANG_ANALYZER_NUMBER_OBJECT_CONVERSION = YES_AGGRESSIVE;
				CLANG_CXX_LANGUAGE_STANDARD = "gnu++14";
				CLANG_CXX_LIBRARY = "libc++";
				CLANG_ENABLE_MODULES = YES;
				CLANG_ENABLE_OBJC_ARC = YES;
				CLANG_ENABLE_OBJC_WEAK = YES;
				CLANG_WARN_BLOCK_CAPTURE_AUTORELEASING = YES;
				CLANG_WARN_BOOL_CONVERSION = YES;
				CLANG_WARN_COMMA = YES;
				CLANG_WARN_CONSTANT_CONVERSION = YES;
				CLANG_WARN_DEPRECATED_OBJC_IMPLEMENTATIONS = YES;
				CLANG_WARN_DIRECT_OBJC_ISA_USAGE = YES_ERROR;
				CLANG_WARN_DOCUMENTATION_COMMENTS = YES;
				CLANG_WARN_EMPTY_BODY = YES;
				CLANG_WARN_ENUM_CONVERSION = YES;
				CLANG_WARN_INFINITE_RECURSION = YES;
				CLANG_WARN_INT_CONVERSION = YES;
				CLANG_WARN_NON_LITERAL_NULL_CONVERSION = YES;
				CLANG_WARN_OBJC_IMPLICIT_RETAIN_SELF = YES;
				CLANG_WARN_OBJC_LITERAL_CONVERSION = YES;
				CLANG_WARN_OBJC_ROOT_CLASS = YES_ERROR;
				CLANG_WARN_QUOTED_INCLUDE_IN_FRAMEWORK_HEADER = YES;
				CLANG_WARN_RANGE_LOOP_ANALYSIS = YES;
				CLANG_WARN_STRICT_PROTOTYPES = YES;
				CLANG_WARN_SUSPICIOUS_MOVE = YES;
				CLANG_WARN_UNGUARDED_AVAILABILITY = YES_AGGRESSIVE;
				CLANG_WARN_UNREACHABLE_CODE = YES;
				CLANG_WARN__DUPLICATE_METHOD_MATCH = YES;
				COPY_PHASE_STRIP = NO;
				DEBUG_INFORMATION_FORMAT = "dwarf-with-dsym";
				ENABLE_NS_ASSERTIONS = NO;
				ENABLE_STRICT_OBJC_MSGSEND = YES;
				GCC_C_LANGUAGE_STANDARD = gnu11;
				GCC_NO_COMMON_BLOCKS = YES;
				GCC_WARN_64_TO_32_BIT_CONVERSION = YES;
				GCC_WARN_ABOUT_RETURN_TYPE = YES_ERROR;
				GCC_WARN_UNDECLARED_SELECTOR = YES;
				GCC_WARN_UNINITIALIZED_AUTOS = YES_AGGRESSIVE;
				GCC_WARN_UNUSED_FUNCTION = YES;
				GCC_WARN_UNUSED_VARIABLE = YES;
				IPHONEOS_DEPLOYMENT_TARGET = 13.4;
				MTL_ENABLE_DEBUG_INFO = NO;
				MTL_FAST_MATH = YES;
				SDKROOT = iphoneos;
				SWIFT_COMPILATION_MODE = wholemodule;
				SWIFT_OPTIMIZATION_LEVEL = "-O";
				VALIDATE_PRODUCT = YES;
			};
			name = Release;
		};
		C0A1993C246323FD00166095 /* Debug */ = {
			isa = XCBuildConfiguration;
			baseConfigurationReference = 831AF86681E825086F45F2F0 /* Pods-ColoriOS.debug.xcconfig */;
			buildSettings = {
				ASSETCATALOG_COMPILER_APPICON_NAME = AppIcon;
				CODE_SIGN_STYLE = Automatic;
				DEVELOPMENT_TEAM = R42N6K4ZQL;
				INFOPLIST_FILE = ColoriOS/Info.plist;
				IPHONEOS_DEPLOYMENT_TARGET = 13.2;
				LD_RUNPATH_SEARCH_PATHS = (
					"$(inherited)",
					"@executable_path/Frameworks",
				);
				PRODUCT_BUNDLE_IDENTIFIER = com.mcc.ColoriOS;
				PRODUCT_NAME = "$(TARGET_NAME)";
				SWIFT_VERSION = 5.0;
				TARGETED_DEVICE_FAMILY = "1,2";
			};
			name = Debug;
		};
		C0A1993D246323FD00166095 /* Release */ = {
			isa = XCBuildConfiguration;
			baseConfigurationReference = B08CC3391F460A9A81607256 /* Pods-ColoriOS.release.xcconfig */;
			buildSettings = {
				ASSETCATALOG_COMPILER_APPICON_NAME = AppIcon;
				CODE_SIGN_STYLE = Automatic;
				DEVELOPMENT_TEAM = R42N6K4ZQL;
				INFOPLIST_FILE = ColoriOS/Info.plist;
				IPHONEOS_DEPLOYMENT_TARGET = 13.2;
				LD_RUNPATH_SEARCH_PATHS = (
					"$(inherited)",
					"@executable_path/Frameworks",
				);
				PRODUCT_BUNDLE_IDENTIFIER = com.mcc.ColoriOS;
				PRODUCT_NAME = "$(TARGET_NAME)";
				SWIFT_VERSION = 5.0;
				TARGETED_DEVICE_FAMILY = "1,2";
			};
			name = Release;
		};
		C0A1993F246323FD00166095 /* Debug */ = {
			isa = XCBuildConfiguration;
			buildSettings = {
				ALWAYS_EMBED_SWIFT_STANDARD_LIBRARIES = YES;
				BUNDLE_LOADER = "$(TEST_HOST)";
				CODE_SIGN_STYLE = Automatic;
				DEVELOPMENT_TEAM = R42N6K4ZQL;
				INFOPLIST_FILE = ColoriOSTests/Info.plist;
				IPHONEOS_DEPLOYMENT_TARGET = 13.4;
				LD_RUNPATH_SEARCH_PATHS = (
					"$(inherited)",
					"@executable_path/Frameworks",
					"@loader_path/Frameworks",
				);
				PRODUCT_BUNDLE_IDENTIFIER = com.mcc.ColoriOSTests;
				PRODUCT_NAME = "$(TARGET_NAME)";
				SWIFT_VERSION = 5.0;
				TARGETED_DEVICE_FAMILY = "1,2";
				TEST_HOST = "$(BUILT_PRODUCTS_DIR)/ColoriOS.app/ColoriOS";
			};
			name = Debug;
		};
		C0A19940246323FD00166095 /* Release */ = {
			isa = XCBuildConfiguration;
			buildSettings = {
				ALWAYS_EMBED_SWIFT_STANDARD_LIBRARIES = YES;
				BUNDLE_LOADER = "$(TEST_HOST)";
				CODE_SIGN_STYLE = Automatic;
				DEVELOPMENT_TEAM = R42N6K4ZQL;
				INFOPLIST_FILE = ColoriOSTests/Info.plist;
				IPHONEOS_DEPLOYMENT_TARGET = 13.4;
				LD_RUNPATH_SEARCH_PATHS = (
					"$(inherited)",
					"@executable_path/Frameworks",
					"@loader_path/Frameworks",
				);
				PRODUCT_BUNDLE_IDENTIFIER = com.mcc.ColoriOSTests;
				PRODUCT_NAME = "$(TARGET_NAME)";
				SWIFT_VERSION = 5.0;
				TARGETED_DEVICE_FAMILY = "1,2";
				TEST_HOST = "$(BUILT_PRODUCTS_DIR)/ColoriOS.app/ColoriOS";
			};
			name = Release;
		};
		C0A19942246323FD00166095 /* Debug */ = {
			isa = XCBuildConfiguration;
			buildSettings = {
				ALWAYS_EMBED_SWIFT_STANDARD_LIBRARIES = YES;
				CODE_SIGN_STYLE = Automatic;
				DEVELOPMENT_TEAM = R42N6K4ZQL;
				INFOPLIST_FILE = ColoriOSUITests/Info.plist;
				LD_RUNPATH_SEARCH_PATHS = (
					"$(inherited)",
					"@executable_path/Frameworks",
					"@loader_path/Frameworks",
				);
				PRODUCT_BUNDLE_IDENTIFIER = com.mcc.ColoriOSUITests;
				PRODUCT_NAME = "$(TARGET_NAME)";
				SWIFT_VERSION = 5.0;
				TARGETED_DEVICE_FAMILY = "1,2";
				TEST_TARGET_NAME = ColoriOS;
			};
			name = Debug;
		};
		C0A19943246323FD00166095 /* Release */ = {
			isa = XCBuildConfiguration;
			buildSettings = {
				ALWAYS_EMBED_SWIFT_STANDARD_LIBRARIES = YES;
				CODE_SIGN_STYLE = Automatic;
				DEVELOPMENT_TEAM = R42N6K4ZQL;
				INFOPLIST_FILE = ColoriOSUITests/Info.plist;
				LD_RUNPATH_SEARCH_PATHS = (
					"$(inherited)",
					"@executable_path/Frameworks",
					"@loader_path/Frameworks",
				);
				PRODUCT_BUNDLE_IDENTIFIER = com.mcc.ColoriOSUITests;
				PRODUCT_NAME = "$(TARGET_NAME)";
				SWIFT_VERSION = 5.0;
				TARGETED_DEVICE_FAMILY = "1,2";
				TEST_TARGET_NAME = ColoriOS;
			};
			name = Release;
		};
/* End XCBuildConfiguration section */

/* Begin XCConfigurationList section */
		C0A19909246323FB00166095 /* Build configuration list for PBXProject "ColoriOS" */ = {
			isa = XCConfigurationList;
			buildConfigurations = (
				C0A19939246323FD00166095 /* Debug */,
				C0A1993A246323FD00166095 /* Release */,
			);
			defaultConfigurationIsVisible = 0;
			defaultConfigurationName = Release;
		};
		C0A1993B246323FD00166095 /* Build configuration list for PBXNativeTarget "ColoriOS" */ = {
			isa = XCConfigurationList;
			buildConfigurations = (
				C0A1993C246323FD00166095 /* Debug */,
				C0A1993D246323FD00166095 /* Release */,
			);
			defaultConfigurationIsVisible = 0;
			defaultConfigurationName = Release;
		};
		C0A1993E246323FD00166095 /* Build configuration list for PBXNativeTarget "ColoriOSTests" */ = {
			isa = XCConfigurationList;
			buildConfigurations = (
				C0A1993F246323FD00166095 /* Debug */,
				C0A19940246323FD00166095 /* Release */,
			);
			defaultConfigurationIsVisible = 0;
			defaultConfigurationName = Release;
		};
		C0A19941246323FD00166095 /* Build configuration list for PBXNativeTarget "ColoriOSUITests" */ = {
			isa = XCConfigurationList;
			buildConfigurations = (
				C0A19942246323FD00166095 /* Debug */,
				C0A19943246323FD00166095 /* Release */,
			);
			defaultConfigurationIsVisible = 0;
			defaultConfigurationName = Release;
		};
/* End XCConfigurationList section */

/* Begin XCVersionGroup section */
		C0A1991A246323FC00166095 /* ColoriOS.xcdatamodeld */ = {
			isa = XCVersionGroup;
			children = (
				C0A1991B246323FC00166095 /* ColoriOS.xcdatamodel */,
			);
			currentVersion = C0A1991B246323FC00166095 /* ColoriOS.xcdatamodel */;
			path = ColoriOS.xcdatamodeld;
			sourceTree = "<group>";
			versionGroupType = wrapper.xcdatamodel;
		};
/* End XCVersionGroup section */
	};
	rootObject = C0A19906246323FB00166095 /* Project object */;
}
