// !$*UTF8*$!
{
	archiveVersion = 1;
	classes = {
	};
	objectVersion = 50;
	objects = {

/* Begin PBXBuildFile section */
		C0A19912246323FC00166095 /* AppDelegate.swift in Sources */ = {isa = PBXBuildFile; fileRef = C0A19911246323FC00166095 /* AppDelegate.swift */; };
		C0A19914246323FC00166095 /* SceneDelegate.swift in Sources */ = {isa = PBXBuildFile; fileRef = C0A19913246323FC00166095 /* SceneDelegate.swift */; };
		C0A19916246323FC00166095 /* ViewController.swift in Sources */ = {isa = PBXBuildFile; fileRef = C0A19915246323FC00166095 /* ViewController.swift */; };
		C0A19919246323FC00166095 /* Main.storyboard in Resources */ = {isa = PBXBuildFile; fileRef = C0A19917246323FC00166095 /* Main.storyboard */; };
		C0A1991C246323FC00166095 /* ColoriOS.xcdatamodeld in Sources */ = {isa = PBXBuildFile; fileRef = C0A1991A246323FC00166095 /* ColoriOS.xcdatamodeld */; };
		C0A1991E246323FD00166095 /* Assets.xcassets in Resources */ = {isa = PBXBuildFile; fileRef = C0A1991D246323FD00166095 /* Assets.xcassets */; };
		C0A19921246323FD00166095 /* LaunchScreen.storyboard in Resources */ = {isa = PBXBuildFile; fileRef = C0A1991F246323FD00166095 /* LaunchScreen.storyboard */; };
		C0A1992C246323FD00166095 /* ColoriOSTests.swift in Sources */ = {isa = PBXBuildFile; fileRef = C0A1992B246323FD00166095 /* ColoriOSTests.swift */; };
		C0A19937246323FD00166095 /* ColoriOSUITests.swift in Sources */ = {isa = PBXBuildFile; fileRef = C0A19936246323FD00166095 /* ColoriOSUITests.swift */; };
/* End PBXBuildFile section */

/* Begin PBXContainerItemProxy section */
		C0A19928246323FD00166095 /* PBXContainerItemProxy */ = {
			isa = PBXContainerItemProxy;
			containerPortal = C0A19906246323FB00166095 /* Project object */;
			proxyType = 1;
			remoteGlobalIDString = C0A1990D246323FC00166095;
			remoteInfo = ColoriOS;
		};
		C0A19933246323FD00166095 /* PBXContainerItemProxy */ = {
			isa = PBXContainerItemProxy;
			containerPortal = C0A19906246323FB00166095 /* Project object */;
			proxyType = 1;
			remoteGlobalIDString = C0A1990D246323FC00166095;
			remoteInfo = ColoriOS;
		};
/* End PBXContainerItemProxy section */

/* Begin PBXFileReference section */
		C0A1990E246323FC00166095 /* ColoriOS.app */ = {isa = PBXFileReference; explicitFileType = wrapper.application; includeInIndex = 0; path = ColoriOS.app; sourceTree = BUILT_PRODUCTS_DIR; };
		C0A19911246323FC00166095 /* AppDelegate.swift */ = {isa = PBXFileReference; lastKnownFileType = sourcecode.swift; path = AppDelegate.swift; sourceTree = "<group>"; };
		C0A19913246323FC00166095 /* SceneDelegate.swift */ = {isa = PBXFileReference; lastKnownFileType = sourcecode.swift; path = SceneDelegate.swift; sourceTree = "<group>"; };
		C0A19915246323FC00166095 /* ViewController.swift */ = {isa = PBXFileReference; lastKnownFileType = sourcecode.swift; path = ViewController.swift; sourceTree = "<group>"; };
		C0A19918246323FC00166095 /* Base */ = {isa = PBXFileReference; lastKnownFileType = file.storyboard; name = Base; path = Base.lproj/Main.storyboard; sourceTree = "<group>"; };
		C0A1991B246323FC00166095 /* ColoriOS.xcdatamodel */ = {isa = PBXFileReference; lastKnownFileType = wrapper.xcdatamodel; path = ColoriOS.xcdatamodel; sourceTree = "<group>"; };
		C0A1991D246323FD00166095 /* Assets.xcassets */ = {isa = PBXFileReference; lastKnownFileType = folder.assetcatalog; path = Assets.xcassets; sourceTree = "<group>"; };
		C0A19920246323FD00166095 /* Base */ = {isa = PBXFileReference; lastKnownFileType = file.storyboard; name = Base; path = Base.lproj/LaunchScreen.storyboard; sourceTree = "<group>"; };
		C0A19922246323FD00166095 /* Info.plist */ = {isa = PBXFileReference; lastKnownFileType = text.plist.xml; path = Info.plist; sourceTree = "<group>"; };
		C0A19927246323FD00166095 /* ColoriOSTests.xctest */ = {isa = PBXFileReference; explicitFileType = wrapper.cfbundle; includeInIndex = 0; path = ColoriOSTests.xctest; sourceTree = BUILT_PRODUCTS_DIR; };
		C0A1992B246323FD00166095 /* ColoriOSTests.swift */ = {isa = PBXFileReference; lastKnownFileType = sourcecode.swift; path = ColoriOSTests.swift; sourceTree = "<group>"; };
		C0A1992D246323FD00166095 /* Info.plist */ = {isa = PBXFileReference; lastKnownFileType = text.plist.xml; path = Info.plist; sourceTree = "<group>"; };
		C0A19932246323FD00166095 /* ColoriOSUITests.xctest */ = {isa = PBXFileReference; explicitFileType = wrapper.cfbundle; includeInIndex = 0; path = ColoriOSUITests.xctest; sourceTree = BUILT_PRODUCTS_DIR; };
		C0A19936246323FD00166095 /* ColoriOSUITests.swift */ = {isa = PBXFileReference; lastKnownFileType = sourcecode.swift; path = ColoriOSUITests.swift; sourceTree = "<group>"; };
		C0A19938246323FD00166095 /* Info.plist */ = {isa = PBXFileReference; lastKnownFileType = text.plist.xml; path = Info.plist; sourceTree = "<group>"; };
/* End PBXFileReference section */

/* Begin PBXFrameworksBuildPhase section */
		C0A1990B246323FC00166095 /* Frameworks */ = {
			isa = PBXFrameworksBuildPhase;
			buildActionMask = 2147483647;
			files = (
			);
			runOnlyForDeploymentPostprocessing = 0;
		};
		C0A19924246323FD00166095 /* Frameworks */ = {
			isa = PBXFrameworksBuildPhase;
			buildActionMask = 2147483647;
			files = (
			);
			runOnlyForDeploymentPostprocessing = 0;
		};
		C0A1992F246323FD00166095 /* Frameworks */ = {
			isa = PBXFrameworksBuildPhase;
			buildActionMask = 2147483647;
			files = (
			);
			runOnlyForDeploymentPostprocessing = 0;
		};
/* End PBXFrameworksBuildPhase section */

/* Begin PBXGroup section */
		C0A19905246323FB00166095 = {
			isa = PBXGroup;
			children = (
				C0A19910246323FC00166095 /* ColoriOS */,
				C0A1992A246323FD00166095 /* ColoriOSTests */,
				C0A19935246323FD00166095 /* ColoriOSUITests */,
				C0A1990F246323FC00166095 /* Products */,
			);
			sourceTree = "<group>";
		};
		C0A1990F246323FC00166095 /* Products */ = {
			isa = PBXGroup;
			children = (
				C0A1990E246323FC00166095 /* ColoriOS.app */,
				C0A19927246323FD00166095 /* ColoriOSTests.xctest */,
				C0A19932246323FD00166095 /* ColoriOSUITests.xctest */,
			);
			name = Products;
			sourceTree = "<group>";
		};
		C0A19910246323FC00166095 /* ColoriOS */ = {
			isa = PBXGroup;
			children = (
				C0A19911246323FC00166095 /* AppDelegate.swift */,
				C0A19913246323FC00166095 /* SceneDelegate.swift */,
				C0A19915246323FC00166095 /* ViewController.swift */,
				C0A19917246323FC00166095 /* Main.storyboard */,
				C0A1991D246323FD00166095 /* Assets.xcassets */,
				C0A1991F246323FD00166095 /* LaunchScreen.storyboard */,
				C0A19922246323FD00166095 /* Info.plist */,
				C0A1991A246323FC00166095 /* ColoriOS.xcdatamodeld */,
			);
			path = ColoriOS;
			sourceTree = "<group>";
		};
		C0A1992A246323FD00166095 /* ColoriOSTests */ = {
			isa = PBXGroup;
			children = (
				C0A1992B246323FD00166095 /* ColoriOSTests.swift */,
				C0A1992D246323FD00166095 /* Info.plist */,
			);
			path = ColoriOSTests;
			sourceTree = "<group>";
		};
		C0A19935246323FD00166095 /* ColoriOSUITests */ = {
			isa = PBXGroup;
			children = (
				C0A19936246323FD00166095 /* ColoriOSUITests.swift */,
				C0A19938246323FD00166095 /* Info.plist */,
			);
			path = ColoriOSUITests;
			sourceTree = "<group>";
		};
/* End PBXGroup section */

/* Begin PBXNativeTarget section */
		C0A1990D246323FC00166095 /* ColoriOS */ = {
			isa = PBXNativeTarget;
			buildConfigurationList = C0A1993B246323FD00166095 /* Build configuration list for PBXNativeTarget "ColoriOS" */;
			buildPhases = (
				C0A1990A246323FC00166095 /* Sources */,
				C0A1990B246323FC00166095 /* Frameworks */,
				C0A1990C246323FC00166095 /* Resources */,
			);
			buildRules = (
			);
			dependencies = (
			);
			name = ColoriOS;
			productName = ColoriOS;
			productReference = C0A1990E246323FC00166095 /* ColoriOS.app */;
			productType = "com.apple.product-type.application";
		};
		C0A19926246323FD00166095 /* ColoriOSTests */ = {
			isa = PBXNativeTarget;
			buildConfigurationList = C0A1993E246323FD00166095 /* Build configuration list for PBXNativeTarget "ColoriOSTests" */;
			buildPhases = (
				C0A19923246323FD00166095 /* Sources */,
				C0A19924246323FD00166095 /* Frameworks */,
				C0A19925246323FD00166095 /* Resources */,
			);
			buildRules = (
			);
			dependencies = (
				C0A19929246323FD00166095 /* PBXTargetDependency */,
			);
			name = ColoriOSTests;
			productName = ColoriOSTests;
			productReference = C0A19927246323FD00166095 /* ColoriOSTests.xctest */;
			productType = "com.apple.product-type.bundle.unit-test";
		};
		C0A19931246323FD00166095 /* ColoriOSUITests */ = {
			isa = PBXNativeTarget;
			buildConfigurationList = C0A19941246323FD00166095 /* Build configuration list for PBXNativeTarget "ColoriOSUITests" */;
			buildPhases = (
				C0A1992E246323FD00166095 /* Sources */,
				C0A1992F246323FD00166095 /* Frameworks */,
				C0A19930246323FD00166095 /* Resources */,
			);
			buildRules = (
			);
			dependencies = (
				C0A19934246323FD00166095 /* PBXTargetDependency */,
			);
			name = ColoriOSUITests;
			productName = ColoriOSUITests;
			productReference = C0A19932246323FD00166095 /* ColoriOSUITests.xctest */;
			productType = "com.apple.product-type.bundle.ui-testing";
		};
/* End PBXNativeTarget section */

/* Begin PBXProject section */
		C0A19906246323FB00166095 /* Project object */ = {
			isa = PBXProject;
			attributes = {
				LastSwiftUpdateCheck = 1140;
				LastUpgradeCheck = 1140;
				ORGANIZATIONNAME = "Michaiah Coleman";
				TargetAttributes = {
					C0A1990D246323FC00166095 = {
						CreatedOnToolsVersion = 11.4;
					};
					C0A19926246323FD00166095 = {
						CreatedOnToolsVersion = 11.4;
						TestTargetID = C0A1990D246323FC00166095;
					};
					C0A19931246323FD00166095 = {
						CreatedOnToolsVersion = 11.4;
						TestTargetID = C0A1990D246323FC00166095;
					};
				};
			};
			buildConfigurationList = C0A19909246323FB00166095 /* Build configuration list for PBXProject "ColoriOS" */;
			compatibilityVersion = "Xcode 9.3";
			developmentRegion = en;
			hasScannedForEncodings = 0;
			knownRegions = (
				en,
				Base,
			);
			mainGroup = C0A19905246323FB00166095;
			productRefGroup = C0A1990F246323FC00166095 /* Products */;
			projectDirPath = "";
			projectRoot = "";
			targets = (
				C0A1990D246323FC00166095 /* ColoriOS */,
				C0A19926246323FD00166095 /* ColoriOSTests */,
				C0A19931246323FD00166095 /* ColoriOSUITests */,
			);
		};
/* End PBXProject section */

/* Begin PBXResourcesBuildPhase section */
		C0A1990C246323FC00166095 /* Resources */ = {
			isa = PBXResourcesBuildPhase;
			buildActionMask = 2147483647;
			files = (
				C0A19921246323FD00166095 /* LaunchScreen.storyboard in Resources */,
				C0A1991E246323FD00166095 /* Assets.xcassets in Resources */,
				C0A19919246323FC00166095 /* Main.storyboard in Resources */,
			);
			runOnlyForDeploymentPostprocessing = 0;
		};
		C0A19925246323FD00166095 /* Resources */ = {
			isa = PBXResourcesBuildPhase;
			buildActionMask = 2147483647;
			files = (
			);
			runOnlyForDeploymentPostprocessing = 0;
		};
		C0A19930246323FD00166095 /* Resources */ = {
			isa = PBXResourcesBuildPhase;
			buildActionMask = 2147483647;
			files = (
			);
			runOnlyForDeploymentPostprocessing = 0;
		};
/* End PBXResourcesBuildPhase section */

/* Begin PBXSourcesBuildPhase section */
		C0A1990A246323FC00166095 /* Sources */ = {
			isa = PBXSourcesBuildPhase;
			buildActionMask = 2147483647;
			files = (
				C0A19916246323FC00166095 /* ViewController.swift in Sources */,
				C0A19912246323FC00166095 /* AppDelegate.swift in Sources */,
				C0A19914246323FC00166095 /* SceneDelegate.swift in Sources */,
				C0A1991C246323FC00166095 /* ColoriOS.xcdatamodeld in Sources */,
			);
			runOnlyForDeploymentPostprocessing = 0;
		};
		C0A19923246323FD00166095 /* Sources */ = {
			isa = PBXSourcesBuildPhase;
			buildActionMask = 2147483647;
			files = (
				C0A1992C246323FD00166095 /* ColoriOSTests.swift in Sources */,
			);
			runOnlyForDeploymentPostprocessing = 0;
		};
		C0A1992E246323FD00166095 /* Sources */ = {
			isa = PBXSourcesBuildPhase;
			buildActionMask = 2147483647;
			files = (
				C0A19937246323FD00166095 /* ColoriOSUITests.swift in Sources */,
			);
			runOnlyForDeploymentPostprocessing = 0;
		};
/* End PBXSourcesBuildPhase section */

/* Begin PBXTargetDependency section */
		C0A19929246323FD00166095 /* PBXTargetDependency */ = {
			isa = PBXTargetDependency;
			target = C0A1990D246323FC00166095 /* ColoriOS */;
			targetProxy = C0A19928246323FD00166095 /* PBXContainerItemProxy */;
		};
		C0A19934246323FD00166095 /* PBXTargetDependency */ = {
			isa = PBXTargetDependency;
			target = C0A1990D246323FC00166095 /* ColoriOS */;
			targetProxy = C0A19933246323FD00166095 /* PBXContainerItemProxy */;
		};
/* End PBXTargetDependency section */

/* Begin PBXVariantGroup section */
		C0A19917246323FC00166095 /* Main.storyboard */ = {
			isa = PBXVariantGroup;
			children = (
				C0A19918246323FC00166095 /* Base */,
			);
			name = Main.storyboard;
			sourceTree = "<group>";
		};
		C0A1991F246323FD00166095 /* LaunchScreen.storyboard */ = {
			isa = PBXVariantGroup;
			children = (
				C0A19920246323FD00166095 /* Base */,
			);
			name = LaunchScreen.storyboard;
			sourceTree = "<group>";
		};
/* End PBXVariantGroup section */

/* Begin XCBuildConfiguration section */
		C0A19939246323FD00166095 /* Debug */ = {
			isa = XCBuildConfiguration;
			buildSettings = {
				ALWAYS_SEARCH_USER_PATHS = NO;
				CLANG_ANALYZER_NONNULL = YES;
				CLANG_ANALYZER_NUMBER_OBJECT_CONVERSION = YES_AGGRESSIVE;
				CLANG_CXX_LANGUAGE_STANDARD = "gnu++14";
				CLANG_CXX_LIBRARY = "libc++";
				CLANG_ENABLE_MODULES = YES;
				CLANG_ENABLE_OBJC_ARC = YES;
				CLANG_ENABLE_OBJC_WEAK = YES;
				CLANG_WARN_BLOCK_CAPTURE_AUTORELEASING = YES;
				CLANG_WARN_BOOL_CONVERSION = YES;
				CLANG_WARN_COMMA = YES;
				CLANG_WARN_CONSTANT_CONVERSION = YES;
				CLANG_WARN_DEPRECATED_OBJC_IMPLEMENTATIONS = YES;
				CLANG_WARN_DIRECT_OBJC_ISA_USAGE = YES_ERROR;
				CLANG_WARN_DOCUMENTATION_COMMENTS = YES;
				CLANG_WARN_EMPTY_BODY = YES;
				CLANG_WARN_ENUM_CONVERSION = YES;
				CLANG_WARN_INFINITE_RECURSION = YES;
				CLANG_WARN_INT_CONVERSION = YES;
				CLANG_WARN_NON_LITERAL_NULL_CONVERSION = YES;
				CLANG_WARN_OBJC_IMPLICIT_RETAIN_SELF = YES;
				CLANG_WARN_OBJC_LITERAL_CONVERSION = YES;
				CLANG_WARN_OBJC_ROOT_CLASS = YES_ERROR;
				CLANG_WARN_RANGE_LOOP_ANALYSIS = YES;
				CLANG_WARN_STRICT_PROTOTYPES = YES;
				CLANG_WARN_SUSPICIOUS_MOVE = YES;
				CLANG_WARN_UNGUARDED_AVAILABILITY = YES_AGGRESSIVE;
				CLANG_WARN_UNREACHABLE_CODE = YES;
				CLANG_WARN__DUPLICATE_METHOD_MATCH = YES;
				COPY_PHASE_STRIP = NO;
				DEBUG_INFORMATION_FORMAT = dwarf;
				ENABLE_STRICT_OBJC_MSGSEND = YES;
				ENABLE_TESTABILITY = YES;
				GCC_C_LANGUAGE_STANDARD = gnu11;
				GCC_DYNAMIC_NO_PIC = NO;
				GCC_NO_COMMON_BLOCKS = YES;
				GCC_OPTIMIZATION_LEVEL = 0;
				GCC_PREPROCESSOR_DEFINITIONS = (
					"DEBUG=1",
					"$(inherited)",
				);
				GCC_WARN_64_TO_32_BIT_CONVERSION = YES;
				GCC_WARN_ABOUT_RETURN_TYPE = YES_ERROR;
				GCC_WARN_UNDECLARED_SELECTOR = YES;
				GCC_WARN_UNINITIALIZED_AUTOS = YES_AGGRESSIVE;
				GCC_WARN_UNUSED_FUNCTION = YES;
				GCC_WARN_UNUSED_VARIABLE = YES;
				IPHONEOS_DEPLOYMENT_TARGET = 13.4;
				MTL_ENABLE_DEBUG_INFO = INCLUDE_SOURCE;
				MTL_FAST_MATH = YES;
				ONLY_ACTIVE_ARCH = YES;
				SDKROOT = iphoneos;
				SWIFT_ACTIVE_COMPILATION_CONDITIONS = DEBUG;
				SWIFT_OPTIMIZATION_LEVEL = "-Onone";
			};
			name = Debug;
		};
		C0A1993A246323FD00166095 /* Release */ = {
			isa = XCBuildConfiguration;
			buildSettings = {
				ALWAYS_SEARCH_USER_PATHS = NO;
				CLANG_ANALYZER_NONNULL = YES;
				CLANG_ANALYZER_NUMBER_OBJECT_CONVERSION = YES_AGGRESSIVE;
				CLANG_CXX_LANGUAGE_STANDARD = "gnu++14";
				CLANG_CXX_LIBRARY = "libc++";
				CLANG_ENABLE_MODULES = YES;
				CLANG_ENABLE_OBJC_ARC = YES;
				CLANG_ENABLE_OBJC_WEAK = YES;
				CLANG_WARN_BLOCK_CAPTURE_AUTORELEASING = YES;
				CLANG_WARN_BOOL_CONVERSION = YES;
				CLANG_WARN_COMMA = YES;
				CLANG_WARN_CONSTANT_CONVERSION = YES;
				CLANG_WARN_DEPRECATED_OBJC_IMPLEMENTATIONS = YES;
				CLANG_WARN_DIRECT_OBJC_ISA_USAGE = YES_ERROR;
				CLANG_WARN_DOCUMENTATION_COMMENTS = YES;
				CLANG_WARN_EMPTY_BODY = YES;
				CLANG_WARN_ENUM_CONVERSION = YES;
				CLANG_WARN_INFINITE_RECURSION = YES;
				CLANG_WARN_INT_CONVERSION = YES;
				CLANG_WARN_NON_LITERAL_NULL_CONVERSION = YES;
				CLANG_WARN_OBJC_IMPLICIT_RETAIN_SELF = YES;
				CLANG_WARN_OBJC_LITERAL_CONVERSION = YES;
				CLANG_WARN_OBJC_ROOT_CLASS = YES_ERROR;
				CLANG_WARN_RANGE_LOOP_ANALYSIS = YES;
				CLANG_WARN_STRICT_PROTOTYPES = YES;
				CLANG_WARN_SUSPICIOUS_MOVE = YES;
				CLANG_WARN_UNGUARDED_AVAILABILITY = YES_AGGRESSIVE;
				CLANG_WARN_UNREACHABLE_CODE = YES;
				CLANG_WARN__DUPLICATE_METHOD_MATCH = YES;
				COPY_PHASE_STRIP = NO;
				DEBUG_INFORMATION_FORMAT = "dwarf-with-dsym";
				ENABLE_NS_ASSERTIONS = NO;
				ENABLE_STRICT_OBJC_MSGSEND = YES;
				GCC_C_LANGUAGE_STANDARD = gnu11;
				GCC_NO_COMMON_BLOCKS = YES;
				GCC_WARN_64_TO_32_BIT_CONVERSION = YES;
				GCC_WARN_ABOUT_RETURN_TYPE = YES_ERROR;
				GCC_WARN_UNDECLARED_SELECTOR = YES;
				GCC_WARN_UNINITIALIZED_AUTOS = YES_AGGRESSIVE;
				GCC_WARN_UNUSED_FUNCTION = YES;
				GCC_WARN_UNUSED_VARIABLE = YES;
				IPHONEOS_DEPLOYMENT_TARGET = 13.4;
				MTL_ENABLE_DEBUG_INFO = NO;
				MTL_FAST_MATH = YES;
				SDKROOT = iphoneos;
				SWIFT_COMPILATION_MODE = wholemodule;
				SWIFT_OPTIMIZATION_LEVEL = "-O";
				VALIDATE_PRODUCT = YES;
			};
			name = Release;
		};
		C0A1993C246323FD00166095 /* Debug */ = {
			isa = XCBuildConfiguration;
			buildSettings = {
				ASSETCATALOG_COMPILER_APPICON_NAME = AppIcon;
				CODE_SIGN_STYLE = Automatic;
				DEVELOPMENT_TEAM = R42N6K4ZQL;
				INFOPLIST_FILE = ColoriOS/Info.plist;
				LD_RUNPATH_SEARCH_PATHS = (
					"$(inherited)",
					"@executable_path/Frameworks",
				);
				PRODUCT_BUNDLE_IDENTIFIER = com.mcc.ColoriOS;
				PRODUCT_NAME = "$(TARGET_NAME)";
				SWIFT_VERSION = 5.0;
				TARGETED_DEVICE_FAMILY = "1,2";
			};
			name = Debug;
		};
		C0A1993D246323FD00166095 /* Release */ = {
			isa = XCBuildConfiguration;
			buildSettings = {
				ASSETCATALOG_COMPILER_APPICON_NAME = AppIcon;
				CODE_SIGN_STYLE = Automatic;
				DEVELOPMENT_TEAM = R42N6K4ZQL;
				INFOPLIST_FILE = ColoriOS/Info.plist;
				LD_RUNPATH_SEARCH_PATHS = (
					"$(inherited)",
					"@executable_path/Frameworks",
				);
				PRODUCT_BUNDLE_IDENTIFIER = com.mcc.ColoriOS;
				PRODUCT_NAME = "$(TARGET_NAME)";
				SWIFT_VERSION = 5.0;
				TARGETED_DEVICE_FAMILY = "1,2";
			};
			name = Release;
		};
		C0A1993F246323FD00166095 /* Debug */ = {
			isa = XCBuildConfiguration;
			buildSettings = {
				ALWAYS_EMBED_SWIFT_STANDARD_LIBRARIES = YES;
				BUNDLE_LOADER = "$(TEST_HOST)";
				CODE_SIGN_STYLE = Automatic;
				DEVELOPMENT_TEAM = R42N6K4ZQL;
				INFOPLIST_FILE = ColoriOSTests/Info.plist;
				IPHONEOS_DEPLOYMENT_TARGET = 13.4;
				LD_RUNPATH_SEARCH_PATHS = (
					"$(inherited)",
					"@executable_path/Frameworks",
					"@loader_path/Frameworks",
				);
				PRODUCT_BUNDLE_IDENTIFIER = com.mcc.ColoriOSTests;
				PRODUCT_NAME = "$(TARGET_NAME)";
				SWIFT_VERSION = 5.0;
				TARGETED_DEVICE_FAMILY = "1,2";
				TEST_HOST = "$(BUILT_PRODUCTS_DIR)/ColoriOS.app/ColoriOS";
			};
			name = Debug;
		};
		C0A19940246323FD00166095 /* Release */ = {
			isa = XCBuildConfiguration;
			buildSettings = {
				ALWAYS_EMBED_SWIFT_STANDARD_LIBRARIES = YES;
				BUNDLE_LOADER = "$(TEST_HOST)";
				CODE_SIGN_STYLE = Automatic;
				DEVELOPMENT_TEAM = R42N6K4ZQL;
				INFOPLIST_FILE = ColoriOSTests/Info.plist;
				IPHONEOS_DEPLOYMENT_TARGET = 13.4;
				LD_RUNPATH_SEARCH_PATHS = (
					"$(inherited)",
					"@executable_path/Frameworks",
					"@loader_path/Frameworks",
				);
				PRODUCT_BUNDLE_IDENTIFIER = com.mcc.ColoriOSTests;
				PRODUCT_NAME = "$(TARGET_NAME)";
				SWIFT_VERSION = 5.0;
				TARGETED_DEVICE_FAMILY = "1,2";
				TEST_HOST = "$(BUILT_PRODUCTS_DIR)/ColoriOS.app/ColoriOS";
			};
			name = Release;
		};
		C0A19942246323FD00166095 /* Debug */ = {
			isa = XCBuildConfiguration;
			buildSettings = {
				ALWAYS_EMBED_SWIFT_STANDARD_LIBRARIES = YES;
				CODE_SIGN_STYLE = Automatic;
				DEVELOPMENT_TEAM = R42N6K4ZQL;
				INFOPLIST_FILE = ColoriOSUITests/Info.plist;
				LD_RUNPATH_SEARCH_PATHS = (
					"$(inherited)",
					"@executable_path/Frameworks",
					"@loader_path/Frameworks",
				);
				PRODUCT_BUNDLE_IDENTIFIER = com.mcc.ColoriOSUITests;
				PRODUCT_NAME = "$(TARGET_NAME)";
				SWIFT_VERSION = 5.0;
				TARGETED_DEVICE_FAMILY = "1,2";
				TEST_TARGET_NAME = ColoriOS;
			};
			name = Debug;
		};
		C0A19943246323FD00166095 /* Release */ = {
			isa = XCBuildConfiguration;
			buildSettings = {
				ALWAYS_EMBED_SWIFT_STANDARD_LIBRARIES = YES;
				CODE_SIGN_STYLE = Automatic;
				DEVELOPMENT_TEAM = R42N6K4ZQL;
				INFOPLIST_FILE = ColoriOSUITests/Info.plist;
				LD_RUNPATH_SEARCH_PATHS = (
					"$(inherited)",
					"@executable_path/Frameworks",
					"@loader_path/Frameworks",
				);
				PRODUCT_BUNDLE_IDENTIFIER = com.mcc.ColoriOSUITests;
				PRODUCT_NAME = "$(TARGET_NAME)";
				SWIFT_VERSION = 5.0;
				TARGETED_DEVICE_FAMILY = "1,2";
				TEST_TARGET_NAME = ColoriOS;
			};
			name = Release;
		};
/* End XCBuildConfiguration section */

/* Begin XCConfigurationList section */
		C0A19909246323FB00166095 /* Build configuration list for PBXProject "ColoriOS" */ = {
			isa = XCConfigurationList;
			buildConfigurations = (
				C0A19939246323FD00166095 /* Debug */,
				C0A1993A246323FD00166095 /* Release */,
			);
			defaultConfigurationIsVisible = 0;
			defaultConfigurationName = Release;
		};
		C0A1993B246323FD00166095 /* Build configuration list for PBXNativeTarget "ColoriOS" */ = {
			isa = XCConfigurationList;
			buildConfigurations = (
				C0A1993C246323FD00166095 /* Debug */,
				C0A1993D246323FD00166095 /* Release */,
			);
			defaultConfigurationIsVisible = 0;
			defaultConfigurationName = Release;
		};
		C0A1993E246323FD00166095 /* Build configuration list for PBXNativeTarget "ColoriOSTests" */ = {
			isa = XCConfigurationList;
			buildConfigurations = (
				C0A1993F246323FD00166095 /* Debug */,
				C0A19940246323FD00166095 /* Release */,
			);
			defaultConfigurationIsVisible = 0;
			defaultConfigurationName = Release;
		};
		C0A19941246323FD00166095 /* Build configuration list for PBXNativeTarget "ColoriOSUITests" */ = {
			isa = XCConfigurationList;
			buildConfigurations = (
				C0A19942246323FD00166095 /* Debug */,
				C0A19943246323FD00166095 /* Release */,
			);
			defaultConfigurationIsVisible = 0;
			defaultConfigurationName = Release;
		};
/* End XCConfigurationList section */

/* Begin XCVersionGroup section */
		C0A1991A246323FC00166095 /* ColoriOS.xcdatamodeld */ = {
			isa = XCVersionGroup;
			children = (
				C0A1991B246323FC00166095 /* ColoriOS.xcdatamodel */,
			);
			currentVersion = C0A1991B246323FC00166095 /* ColoriOS.xcdatamodel */;
			path = ColoriOS.xcdatamodeld;
			sourceTree = "<group>";
			versionGroupType = wrapper.xcdatamodel;
		};
/* End XCVersionGroup section */
	};
	rootObject = C0A19906246323FB00166095 /* Project object */;
}
